// !$*UTF8*$!
{
	archiveVersion = 1;
	classes = {
	};
	objectVersion = 46;
	objects = {

/* Begin PBXBuildFile section */
		18EF354F1DBC778000CFC743 /* main.m in Sources */ = {isa = PBXBuildFile; fileRef = 18EF354E1DBC778000CFC743 /* main.m */; };
		18EF35521DBC778000CFC743 /* AppDelegate.m in Sources */ = {isa = PBXBuildFile; fileRef = 18EF35511DBC778000CFC743 /* AppDelegate.m */; };
		18EF35581DBC778000CFC743 /* Main.storyboard in Resources */ = {isa = PBXBuildFile; fileRef = 18EF35561DBC778000CFC743 /* Main.storyboard */; };
		18EF355A1DBC778000CFC743 /* Assets.xcassets in Resources */ = {isa = PBXBuildFile; fileRef = 18EF35591DBC778000CFC743 /* Assets.xcassets */; };
		18EF355D1DBC778000CFC743 /* LaunchScreen.storyboard in Resources */ = {isa = PBXBuildFile; fileRef = 18EF355B1DBC778000CFC743 /* LaunchScreen.storyboard */; };
		18EF356F1DBC7ACC00CFC743 /* TodayViewController.m in Sources */ = {isa = PBXBuildFile; fileRef = 18EF356E1DBC7ACC00CFC743 /* TodayViewController.m */; };
		18EF35721DBC7AD900CFC743 /* ConvertorViewController.m in Sources */ = {isa = PBXBuildFile; fileRef = 18EF35711DBC7AD900CFC743 /* ConvertorViewController.m */; };
		18EF35761DBC7B3E00CFC743 /* CalendarType.m in Sources */ = {isa = PBXBuildFile; fileRef = 18EF35751DBC7B3E00CFC743 /* CalendarType.m */; };
		18EF35791DBC7B4700CFC743 /* AZPersianCalendar.m in Sources */ = {isa = PBXBuildFile; fileRef = 18EF35781DBC7B4700CFC743 /* AZPersianCalendar.m */; };
		18EF357D1DBDBB3F00CFC743 /* calendar.png in Resources */ = {isa = PBXBuildFile; fileRef = 18EF357B1DBDBB3F00CFC743 /* calendar.png */; };
		18EF357E1DBDBB3F00CFC743 /* convert.png in Resources */ = {isa = PBXBuildFile; fileRef = 18EF357C1DBDBB3F00CFC743 /* convert.png */; };
/* End PBXBuildFile section */

/* Begin PBXFileReference section */
		18EF354A1DBC778000CFC743 /* ObjSample.app */ = {isa = PBXFileReference; explicitFileType = wrapper.application; includeInIndex = 0; path = ObjSample.app; sourceTree = BUILT_PRODUCTS_DIR; };
		18EF354E1DBC778000CFC743 /* main.m */ = {isa = PBXFileReference; lastKnownFileType = sourcecode.c.objc; path = main.m; sourceTree = "<group>"; };
		18EF35501DBC778000CFC743 /* AppDelegate.h */ = {isa = PBXFileReference; lastKnownFileType = sourcecode.c.h; path = AppDelegate.h; sourceTree = "<group>"; };
		18EF35511DBC778000CFC743 /* AppDelegate.m */ = {isa = PBXFileReference; lastKnownFileType = sourcecode.c.objc; path = AppDelegate.m; sourceTree = "<group>"; };
		18EF35571DBC778000CFC743 /* Base */ = {isa = PBXFileReference; lastKnownFileType = file.storyboard; name = Base; path = Base.lproj/Main.storyboard; sourceTree = "<group>"; };
		18EF35591DBC778000CFC743 /* Assets.xcassets */ = {isa = PBXFileReference; lastKnownFileType = folder.assetcatalog; path = Assets.xcassets; sourceTree = "<group>"; };
		18EF355C1DBC778000CFC743 /* Base */ = {isa = PBXFileReference; lastKnownFileType = file.storyboard; name = Base; path = Base.lproj/LaunchScreen.storyboard; sourceTree = "<group>"; };
		18EF355E1DBC778000CFC743 /* Info.plist */ = {isa = PBXFileReference; lastKnownFileType = text.plist.xml; path = Info.plist; sourceTree = "<group>"; };
		18EF356D1DBC7ACC00CFC743 /* TodayViewController.h */ = {isa = PBXFileReference; fileEncoding = 4; lastKnownFileType = sourcecode.c.h; path = TodayViewController.h; sourceTree = "<group>"; };
		18EF356E1DBC7ACC00CFC743 /* TodayViewController.m */ = {isa = PBXFileReference; fileEncoding = 4; lastKnownFileType = sourcecode.c.objc; path = TodayViewController.m; sourceTree = "<group>"; };
		18EF35701DBC7AD900CFC743 /* ConvertorViewController.h */ = {isa = PBXFileReference; fileEncoding = 4; lastKnownFileType = sourcecode.c.h; path = ConvertorViewController.h; sourceTree = "<group>"; };
		18EF35711DBC7AD900CFC743 /* ConvertorViewController.m */ = {isa = PBXFileReference; fileEncoding = 4; lastKnownFileType = sourcecode.c.objc; path = ConvertorViewController.m; sourceTree = "<group>"; };
		18EF35741DBC7B3E00CFC743 /* CalendarType.h */ = {isa = PBXFileReference; fileEncoding = 4; lastKnownFileType = sourcecode.c.h; path = CalendarType.h; sourceTree = "<group>"; };
		18EF35751DBC7B3E00CFC743 /* CalendarType.m */ = {isa = PBXFileReference; fileEncoding = 4; lastKnownFileType = sourcecode.c.objc; path = CalendarType.m; sourceTree = "<group>"; };
		18EF35771DBC7B4700CFC743 /* AZPersianCalendar.h */ = {isa = PBXFileReference; fileEncoding = 4; lastKnownFileType = sourcecode.c.h; path = AZPersianCalendar.h; sourceTree = "<group>"; };
		18EF35781DBC7B4700CFC743 /* AZPersianCalendar.m */ = {isa = PBXFileReference; fileEncoding = 4; lastKnownFileType = sourcecode.c.objc; path = AZPersianCalendar.m; sourceTree = "<group>"; };
		18EF357B1DBDBB3F00CFC743 /* calendar.png */ = {isa = PBXFileReference; lastKnownFileType = image.png; path = calendar.png; sourceTree = "<group>"; };
		18EF357C1DBDBB3F00CFC743 /* convert.png */ = {isa = PBXFileReference; lastKnownFileType = image.png; path = convert.png; sourceTree = "<group>"; };
/* End PBXFileReference section */

/* Begin PBXFrameworksBuildPhase section */
		18EF35471DBC778000CFC743 /* Frameworks */ = {
			isa = PBXFrameworksBuildPhase;
			buildActionMask = 2147483647;
			files = (
			);
			runOnlyForDeploymentPostprocessing = 0;
		};
/* End PBXFrameworksBuildPhase section */

/* Begin PBXGroup section */
		18EF35411DBC778000CFC743 = {
			isa = PBXGroup;
			children = (
				18EF354C1DBC778000CFC743 /* ObjSample */,
				18EF354B1DBC778000CFC743 /* Products */,
			);
			sourceTree = "<group>";
		};
		18EF354B1DBC778000CFC743 /* Products */ = {
			isa = PBXGroup;
			children = (
				18EF354A1DBC778000CFC743 /* ObjSample.app */,
			);
			name = Products;
			sourceTree = "<group>";
		};
		18EF354C1DBC778000CFC743 /* ObjSample */ = {
			isa = PBXGroup;
			children = (
				18EF357A1DBDBB3F00CFC743 /* images */,
				18EF35731DBC7B3E00CFC743 /* models */,
				18EF356C1DBC7ABB00CFC743 /* viewControllers */,
				18EF35501DBC778000CFC743 /* AppDelegate.h */,
				18EF35511DBC778000CFC743 /* AppDelegate.m */,
				18EF35561DBC778000CFC743 /* Main.storyboard */,
				18EF35591DBC778000CFC743 /* Assets.xcassets */,
				18EF355B1DBC778000CFC743 /* LaunchScreen.storyboard */,
				18EF355E1DBC778000CFC743 /* Info.plist */,
				18EF354D1DBC778000CFC743 /* Supporting Files */,
			);
			path = ObjSample;
			sourceTree = "<group>";
		};
		18EF354D1DBC778000CFC743 /* Supporting Files */ = {
			isa = PBXGroup;
			children = (
				18EF354E1DBC778000CFC743 /* main.m */,
			);
			name = "Supporting Files";
			sourceTree = "<group>";
		};
		18EF356C1DBC7ABB00CFC743 /* viewControllers */ = {
			isa = PBXGroup;
			children = (
				18EF356D1DBC7ACC00CFC743 /* TodayViewController.h */,
				18EF356E1DBC7ACC00CFC743 /* TodayViewController.m */,
				18EF35701DBC7AD900CFC743 /* ConvertorViewController.h */,
				18EF35711DBC7AD900CFC743 /* ConvertorViewController.m */,
			);
			path = viewControllers;
			sourceTree = "<group>";
		};
		18EF35731DBC7B3E00CFC743 /* models */ = {
			isa = PBXGroup;
			children = (
				18EF35771DBC7B4700CFC743 /* AZPersianCalendar.h */,
				18EF35781DBC7B4700CFC743 /* AZPersianCalendar.m */,
				18EF35741DBC7B3E00CFC743 /* CalendarType.h */,
				18EF35751DBC7B3E00CFC743 /* CalendarType.m */,
			);
			path = models;
			sourceTree = "<group>";
		};
		18EF357A1DBDBB3F00CFC743 /* images */ = {
			isa = PBXGroup;
			children = (
				18EF357B1DBDBB3F00CFC743 /* calendar.png */,
				18EF357C1DBDBB3F00CFC743 /* convert.png */,
			);
			path = images;
			sourceTree = "<group>";
		};
/* End PBXGroup section */

/* Begin PBXNativeTarget section */
		18EF35491DBC778000CFC743 /* ObjSample */ = {
			isa = PBXNativeTarget;
			buildConfigurationList = 18EF35611DBC778000CFC743 /* Build configuration list for PBXNativeTarget "ObjSample" */;
			buildPhases = (
				18EF35461DBC778000CFC743 /* Sources */,
				18EF35471DBC778000CFC743 /* Frameworks */,
				18EF35481DBC778000CFC743 /* Resources */,
			);
			buildRules = (
			);
			dependencies = (
			);
			name = ObjSample;
			productName = ObjSample;
			productReference = 18EF354A1DBC778000CFC743 /* ObjSample.app */;
			productType = "com.apple.product-type.application";
		};
/* End PBXNativeTarget section */

/* Begin PBXProject section */
		18EF35421DBC778000CFC743 /* Project object */ = {
			isa = PBXProject;
			attributes = {
				LastUpgradeCheck = 0800;
				ORGANIZATIONNAME = "Ali Azadeh";
				TargetAttributes = {
					18EF35491DBC778000CFC743 = {
						CreatedOnToolsVersion = 8.0;
						DevelopmentTeam = 6X873P83TV;
						ProvisioningStyle = Automatic;
					};
				};
			};
			buildConfigurationList = 18EF35451DBC778000CFC743 /* Build configuration list for PBXProject "ObjSample" */;
			compatibilityVersion = "Xcode 3.2";
			developmentRegion = English;
			hasScannedForEncodings = 0;
			knownRegions = (
				en,
				Base,
			);
			mainGroup = 18EF35411DBC778000CFC743;
			productRefGroup = 18EF354B1DBC778000CFC743 /* Products */;
			projectDirPath = "";
			projectRoot = "";
			targets = (
				18EF35491DBC778000CFC743 /* ObjSample */,
			);
		};
/* End PBXProject section */

/* Begin PBXResourcesBuildPhase section */
		18EF35481DBC778000CFC743 /* Resources */ = {
			isa = PBXResourcesBuildPhase;
			buildActionMask = 2147483647;
			files = (
				18EF357E1DBDBB3F00CFC743 /* convert.png in Resources */,
				18EF355D1DBC778000CFC743 /* LaunchScreen.storyboard in Resources */,
				18EF357D1DBDBB3F00CFC743 /* calendar.png in Resources */,
				18EF355A1DBC778000CFC743 /* Assets.xcassets in Resources */,
				18EF35581DBC778000CFC743 /* Main.storyboard in Resources */,
			);
			runOnlyForDeploymentPostprocessing = 0;
		};
/* End PBXResourcesBuildPhase section */

/* Begin PBXSourcesBuildPhase section */
		18EF35461DBC778000CFC743 /* Sources */ = {
			isa = PBXSourcesBuildPhase;
			buildActionMask = 2147483647;
			files = (
				18EF356F1DBC7ACC00CFC743 /* TodayViewController.m in Sources */,
				18EF35791DBC7B4700CFC743 /* AZPersianCalendar.m in Sources */,
				18EF35521DBC778000CFC743 /* AppDelegate.m in Sources */,
				18EF354F1DBC778000CFC743 /* main.m in Sources */,
				18EF35721DBC7AD900CFC743 /* ConvertorViewController.m in Sources */,
				18EF35761DBC7B3E00CFC743 /* CalendarType.m in Sources */,
			);
			runOnlyForDeploymentPostprocessing = 0;
		};
/* End PBXSourcesBuildPhase section */

/* Begin PBXVariantGroup section */
		18EF35561DBC778000CFC743 /* Main.storyboard */ = {
			isa = PBXVariantGroup;
			children = (
				18EF35571DBC778000CFC743 /* Base */,
			);
			name = Main.storyboard;
			sourceTree = "<group>";
		};
		18EF355B1DBC778000CFC743 /* LaunchScreen.storyboard */ = {
			isa = PBXVariantGroup;
			children = (
				18EF355C1DBC778000CFC743 /* Base */,
			);
			name = LaunchScreen.storyboard;
			sourceTree = "<group>";
		};
/* End PBXVariantGroup section */

/* Begin XCBuildConfiguration section */
		18EF355F1DBC778000CFC743 /* Debug */ = {
			isa = XCBuildConfiguration;
			buildSettings = {
				ALWAYS_SEARCH_USER_PATHS = NO;
				CLANG_ANALYZER_NONNULL = YES;
				CLANG_CXX_LANGUAGE_STANDARD = "gnu++0x";
				CLANG_CXX_LIBRARY = "libc++";
				CLANG_ENABLE_MODULES = YES;
				CLANG_ENABLE_OBJC_ARC = YES;
				CLANG_WARN_BOOL_CONVERSION = YES;
				CLANG_WARN_CONSTANT_CONVERSION = YES;
				CLANG_WARN_DIRECT_OBJC_ISA_USAGE = YES_ERROR;
				CLANG_WARN_DOCUMENTATION_COMMENTS = YES;
				CLANG_WARN_EMPTY_BODY = YES;
				CLANG_WARN_ENUM_CONVERSION = YES;
				CLANG_WARN_INFINITE_RECURSION = YES;
				CLANG_WARN_INT_CONVERSION = YES;
				CLANG_WARN_OBJC_ROOT_CLASS = YES_ERROR;
				CLANG_WARN_SUSPICIOUS_MOVES = YES;
				CLANG_WARN_UNREACHABLE_CODE = YES;
				CLANG_WARN__DUPLICATE_METHOD_MATCH = YES;
				"CODE_SIGN_IDENTITY[sdk=iphoneos*]" = "iPhone Developer";
				COPY_PHASE_STRIP = NO;
				DEBUG_INFORMATION_FORMAT = dwarf;
				ENABLE_STRICT_OBJC_MSGSEND = YES;
				ENABLE_TESTABILITY = YES;
				GCC_C_LANGUAGE_STANDARD = gnu99;
				GCC_DYNAMIC_NO_PIC = NO;
				GCC_NO_COMMON_BLOCKS = YES;
				GCC_OPTIMIZATION_LEVEL = 0;
				GCC_PREPROCESSOR_DEFINITIONS = (
					"DEBUG=1",
					"$(inherited)",
				);
				GCC_WARN_64_TO_32_BIT_CONVERSION = YES;
				GCC_WARN_ABOUT_RETURN_TYPE = YES_ERROR;
				GCC_WARN_UNDECLARED_SELECTOR = YES;
				GCC_WARN_UNINITIALIZED_AUTOS = YES_AGGRESSIVE;
				GCC_WARN_UNUSED_FUNCTION = YES;
				GCC_WARN_UNUSED_VARIABLE = YES;
				IPHONEOS_DEPLOYMENT_TARGET = 10.0;
				MTL_ENABLE_DEBUG_INFO = YES;
				ONLY_ACTIVE_ARCH = YES;
				SDKROOT = iphoneos;
				TARGETED_DEVICE_FAMILY = "1,2";
			};
			name = Debug;
		};
		18EF35601DBC778000CFC743 /* Release */ = {
			isa = XCBuildConfiguration;
			buildSettings = {
				ALWAYS_SEARCH_USER_PATHS = NO;
				CLANG_ANALYZER_NONNULL = YES;
				CLANG_CXX_LANGUAGE_STANDARD = "gnu++0x";
				CLANG_CXX_LIBRARY = "libc++";
				CLANG_ENABLE_MODULES = YES;
				CLANG_ENABLE_OBJC_ARC = YES;
				CLANG_WARN_BOOL_CONVERSION = YES;
				CLANG_WARN_CONSTANT_CONVERSION = YES;
				CLANG_WARN_DIRECT_OBJC_ISA_USAGE = YES_ERROR;
				CLANG_WARN_DOCUMENTATION_COMMENTS = YES;
				CLANG_WARN_EMPTY_BODY = YES;
				CLANG_WARN_ENUM_CONVERSION = YES;
				CLANG_WARN_INFINITE_RECURSION = YES;
				CLANG_WARN_INT_CONVERSION = YES;
				CLANG_WARN_OBJC_ROOT_CLASS = YES_ERROR;
				CLANG_WARN_SUSPICIOUS_MOVES = YES;
				CLANG_WARN_UNREACHABLE_CODE = YES;
				CLANG_WARN__DUPLICATE_METHOD_MATCH = YES;
				"CODE_SIGN_IDENTITY[sdk=iphoneos*]" = "iPhone Developer";
				COPY_PHASE_STRIP = NO;
				DEBUG_INFORMATION_FORMAT = "dwarf-with-dsym";
				ENABLE_NS_ASSERTIONS = NO;
				ENABLE_STRICT_OBJC_MSGSEND = YES;
				GCC_C_LANGUAGE_STANDARD = gnu99;
				GCC_NO_COMMON_BLOCKS = YES;
				GCC_WARN_64_TO_32_BIT_CONVERSION = YES;
				GCC_WARN_ABOUT_RETURN_TYPE = YES_ERROR;
				GCC_WARN_UNDECLARED_SELECTOR = YES;
				GCC_WARN_UNINITIALIZED_AUTOS = YES_AGGRESSIVE;
				GCC_WARN_UNUSED_FUNCTION = YES;
				GCC_WARN_UNUSED_VARIABLE = YES;
				IPHONEOS_DEPLOYMENT_TARGET = 10.0;
				MTL_ENABLE_DEBUG_INFO = NO;
				SDKROOT = iphoneos;
				TARGETED_DEVICE_FAMILY = "1,2";
				VALIDATE_PRODUCT = YES;
			};
			name = Release;
		};
		18EF35621DBC778000CFC743 /* Debug */ = {
			isa = XCBuildConfiguration;
			buildSettings = {
				ASSETCATALOG_COMPILER_APPICON_NAME = AppIcon;
				DEVELOPMENT_TEAM = 6X873P83TV;
				INFOPLIST_FILE = ObjSample/Info.plist;
				LD_RUNPATH_SEARCH_PATHS = "$(inherited) @executable_path/Frameworks";
				PRODUCT_BUNDLE_IDENTIFIER = me.aliazadeh.ObjSample;
				PRODUCT_NAME = "$(TARGET_NAME)";
			};
			name = Debug;
		};
		18EF35631DBC778000CFC743 /* Release */ = {
			isa = XCBuildConfiguration;
			buildSettings = {
				ASSETCATALOG_COMPILER_APPICON_NAME = AppIcon;
				DEVELOPMENT_TEAM = 6X873P83TV;
				INFOPLIST_FILE = ObjSample/Info.plist;
				LD_RUNPATH_SEARCH_PATHS = "$(inherited) @executable_path/Frameworks";
				PRODUCT_BUNDLE_IDENTIFIER = me.aliazadeh.ObjSample;
				PRODUCT_NAME = "$(TARGET_NAME)";
			};
			name = Release;
		};
/* End XCBuildConfiguration section */

/* Begin XCConfigurationList section */
		18EF35451DBC778000CFC743 /* Build configuration list for PBXProject "ObjSample" */ = {
			isa = XCConfigurationList;
			buildConfigurations = (
				18EF355F1DBC778000CFC743 /* Debug */,
				18EF35601DBC778000CFC743 /* Release */,
			);
			defaultConfigurationIsVisible = 0;
			defaultConfigurationName = Release;
		};
		18EF35611DBC778000CFC743 /* Build configuration list for PBXNativeTarget "ObjSample" */ = {
			isa = XCConfigurationList;
			buildConfigurations = (
				18EF35621DBC778000CFC743 /* Debug */,
				18EF35631DBC778000CFC743 /* Release */,
			);
			defaultConfigurationIsVisible = 0;
		};
/* End XCConfigurationList section */
	};
	rootObject = 18EF35421DBC778000CFC743 /* Project object */;
}
