// !$*UTF8*$!
{
	archiveVersion = 1;
	classes = {
	};
	objectVersion = 56;
	objects = {

/* Begin PBXBuildFile section */
		18E01A681F9826090065F959 /* AppDelegate.m in Sources */ = {isa = PBXBuildFile; fileRef = 18E01A671F9826090065F959 /* AppDelegate.m */; };
		18E01A6B1F9826090065F959 /* ViewController.m in Sources */ = {isa = PBXBuildFile; fileRef = 18E01A6A1F9826090065F959 /* ViewController.m */; };
		18E01A6E1F9826090065F959 /* Main.storyboard in Resources */ = {isa = PBXBuildFile; fileRef = 18E01A6C1F9826090065F959 /* Main.storyboard */; };
		18E01A701F9826090065F959 /* Assets.xcassets in Resources */ = {isa = PBXBuildFile; fileRef = 18E01A6F1F9826090065F959 /* Assets.xcassets */; };
		18E01A731F9826090065F959 /* LaunchScreen.storyboard in Resources */ = {isa = PBXBuildFile; fileRef = 18E01A711F9826090065F959 /* LaunchScreen.storyboard */; };
		18E01A761F9826090065F959 /* main.m in Sources */ = {isa = PBXBuildFile; fileRef = 18E01A751F9826090065F959 /* main.m */; };
		18E01AA01F98FC2D0065F959 /* DateType.m in Sources */ = {isa = PBXBuildFile; fileRef = 18E01A9B1F9826350065F959 /* DateType.m */; };
		18E01AA11F98FC300065F959 /* AZPersianCalendar.m in Sources */ = {isa = PBXBuildFile; fileRef = 18E01A981F9826350065F959 /* AZPersianCalendar.m */; };
		18E01AA21F98FC320065F959 /* AZMonthName.m in Sources */ = {isa = PBXBuildFile; fileRef = 18E01A961F9826350065F959 /* AZMonthName.m */; };
		18E01AA31F98FC360065F959 /* AZHijriCalendar.m in Sources */ = {isa = PBXBuildFile; fileRef = 18E01A941F9826350065F959 /* AZHijriCalendar.m */; };
		18E01AA41F98FC380065F959 /* AZGregorianCalendar.m in Sources */ = {isa = PBXBuildFile; fileRef = 18E01A921F9826350065F959 /* AZGregorianCalendar.m */; };
		18E01AA51F98FC3B0065F959 /* AZConvertorCalendar.m in Sources */ = {isa = PBXBuildFile; fileRef = 18E01A901F9826350065F959 /* AZConvertorCalendar.m */; };
		18E01AA61F98FC3E0065F959 /* AZCalendar.m in Sources */ = {isa = PBXBuildFile; fileRef = 18E01A8E1F9826350065F959 /* AZCalendar.m */; };
		18E01AAB1F99B7FE0065F959 /* PersianMonthList.plist in Resources */ = {isa = PBXBuildFile; fileRef = 18E01AAA1F99B7FE0065F959 /* PersianMonthList.plist */; };
		18E01AAD1F99B8110065F959 /* HijriMonthList.plist in Resources */ = {isa = PBXBuildFile; fileRef = 18E01AAC1F99B8110065F959 /* HijriMonthList.plist */; };
		18E01AAF1F99B82E0065F959 /* gregorianMonthList.plist in Resources */ = {isa = PBXBuildFile; fileRef = 18E01AAE1F99B82E0065F959 /* gregorianMonthList.plist */; };
		18E01ABA1F9A06AA0065F959 /* ConvertorViewController.m in Sources */ = {isa = PBXBuildFile; fileRef = 18E01AB71F99E5CA0065F959 /* ConvertorViewController.m */; };
		18E01ABB1F9A06AD0065F959 /* TodayViewController.m in Sources */ = {isa = PBXBuildFile; fileRef = 18E01AB91F99E5CA0065F959 /* TodayViewController.m */; };
		18E01ABF1F9A07BB0065F959 /* calendar.png in Resources */ = {isa = PBXBuildFile; fileRef = 18E01ABD1F9A06FA0065F959 /* calendar.png */; };
		18E01AC01F9A07BD0065F959 /* convert.png in Resources */ = {isa = PBXBuildFile; fileRef = 18E01ABE1F9A06FA0065F959 /* convert.png */; };
/* End PBXBuildFile section */

/* Begin PBXFileReference section */
		18E01A631F9826090065F959 /* OBJCSample.app */ = {isa = PBXFileReference; explicitFileType = wrapper.application; includeInIndex = 0; path = OBJCSample.app; sourceTree = BUILT_PRODUCTS_DIR; };
		18E01A661F9826090065F959 /* AppDelegate.h */ = {isa = PBXFileReference; lastKnownFileType = sourcecode.c.h; path = AppDelegate.h; sourceTree = "<group>"; };
		18E01A671F9826090065F959 /* AppDelegate.m */ = {isa = PBXFileReference; lastKnownFileType = sourcecode.c.objc; path = AppDelegate.m; sourceTree = "<group>"; };
		18E01A691F9826090065F959 /* ViewController.h */ = {isa = PBXFileReference; lastKnownFileType = sourcecode.c.h; path = ViewController.h; sourceTree = "<group>"; };
		18E01A6A1F9826090065F959 /* ViewController.m */ = {isa = PBXFileReference; lastKnownFileType = sourcecode.c.objc; path = ViewController.m; sourceTree = "<group>"; };
		18E01A6D1F9826090065F959 /* Base */ = {isa = PBXFileReference; lastKnownFileType = file.storyboard; name = Base; path = Base.lproj/Main.storyboard; sourceTree = "<group>"; };
		18E01A6F1F9826090065F959 /* Assets.xcassets */ = {isa = PBXFileReference; lastKnownFileType = folder.assetcatalog; path = Assets.xcassets; sourceTree = "<group>"; };
		18E01A721F9826090065F959 /* Base */ = {isa = PBXFileReference; lastKnownFileType = file.storyboard; name = Base; path = Base.lproj/LaunchScreen.storyboard; sourceTree = "<group>"; };
		18E01A741F9826090065F959 /* Info.plist */ = {isa = PBXFileReference; lastKnownFileType = text.plist.xml; path = Info.plist; sourceTree = "<group>"; };
		18E01A751F9826090065F959 /* main.m */ = {isa = PBXFileReference; lastKnownFileType = sourcecode.c.objc; path = main.m; sourceTree = "<group>"; };
		18E01A8D1F9826350065F959 /* AZCalendar.h */ = {isa = PBXFileReference; lastKnownFileType = sourcecode.c.h; path = AZCalendar.h; sourceTree = "<group>"; };
		18E01A8E1F9826350065F959 /* AZCalendar.m */ = {isa = PBXFileReference; lastKnownFileType = sourcecode.c.objc; path = AZCalendar.m; sourceTree = "<group>"; };
		18E01A8F1F9826350065F959 /* AZConvertorCalendar.h */ = {isa = PBXFileReference; lastKnownFileType = sourcecode.c.h; path = AZConvertorCalendar.h; sourceTree = "<group>"; };
		18E01A901F9826350065F959 /* AZConvertorCalendar.m */ = {isa = PBXFileReference; lastKnownFileType = sourcecode.c.objc; path = AZConvertorCalendar.m; sourceTree = "<group>"; };
		18E01A911F9826350065F959 /* AZGregorianCalendar.h */ = {isa = PBXFileReference; lastKnownFileType = sourcecode.c.h; path = AZGregorianCalendar.h; sourceTree = "<group>"; };
		18E01A921F9826350065F959 /* AZGregorianCalendar.m */ = {isa = PBXFileReference; lastKnownFileType = sourcecode.c.objc; path = AZGregorianCalendar.m; sourceTree = "<group>"; };
		18E01A931F9826350065F959 /* AZHijriCalendar.h */ = {isa = PBXFileReference; lastKnownFileType = sourcecode.c.h; path = AZHijriCalendar.h; sourceTree = "<group>"; };
		18E01A941F9826350065F959 /* AZHijriCalendar.m */ = {isa = PBXFileReference; lastKnownFileType = sourcecode.c.objc; path = AZHijriCalendar.m; sourceTree = "<group>"; };
		18E01A951F9826350065F959 /* AZMonthName.h */ = {isa = PBXFileReference; lastKnownFileType = sourcecode.c.h; path = AZMonthName.h; sourceTree = "<group>"; };
		18E01A961F9826350065F959 /* AZMonthName.m */ = {isa = PBXFileReference; lastKnownFileType = sourcecode.c.objc; path = AZMonthName.m; sourceTree = "<group>"; };
		18E01A971F9826350065F959 /* AZPersianCalendar.h */ = {isa = PBXFileReference; lastKnownFileType = sourcecode.c.h; path = AZPersianCalendar.h; sourceTree = "<group>"; };
		18E01A981F9826350065F959 /* AZPersianCalendar.m */ = {isa = PBXFileReference; lastKnownFileType = sourcecode.c.objc; path = AZPersianCalendar.m; sourceTree = "<group>"; };
		18E01A9A1F9826350065F959 /* DateType.h */ = {isa = PBXFileReference; lastKnownFileType = sourcecode.c.h; path = DateType.h; sourceTree = "<group>"; };
		18E01A9B1F9826350065F959 /* DateType.m */ = {isa = PBXFileReference; lastKnownFileType = sourcecode.c.objc; path = DateType.m; sourceTree = "<group>"; };
		18E01AAA1F99B7FE0065F959 /* PersianMonthList.plist */ = {isa = PBXFileReference; lastKnownFileType = text.plist.xml; path = PersianMonthList.plist; sourceTree = "<group>"; };
		18E01AAC1F99B8110065F959 /* HijriMonthList.plist */ = {isa = PBXFileReference; lastKnownFileType = text.plist.xml; path = HijriMonthList.plist; sourceTree = "<group>"; };
		18E01AAE1F99B82E0065F959 /* gregorianMonthList.plist */ = {isa = PBXFileReference; lastKnownFileType = text.plist.xml; path = gregorianMonthList.plist; sourceTree = "<group>"; };
		18E01AB61F99E5CA0065F959 /* ConvertorViewController.h */ = {isa = PBXFileReference; lastKnownFileType = sourcecode.c.h; path = ConvertorViewController.h; sourceTree = "<group>"; };
		18E01AB71F99E5CA0065F959 /* ConvertorViewController.m */ = {isa = PBXFileReference; lastKnownFileType = sourcecode.c.objc; path = ConvertorViewController.m; sourceTree = "<group>"; };
		18E01AB81F99E5CA0065F959 /* TodayViewController.h */ = {isa = PBXFileReference; lastKnownFileType = sourcecode.c.h; path = TodayViewController.h; sourceTree = "<group>"; };
		18E01AB91F99E5CA0065F959 /* TodayViewController.m */ = {isa = PBXFileReference; lastKnownFileType = sourcecode.c.objc; path = TodayViewController.m; sourceTree = "<group>"; };
		18E01ABD1F9A06FA0065F959 /* calendar.png */ = {isa = PBXFileReference; lastKnownFileType = image.png; path = calendar.png; sourceTree = "<group>"; };
		18E01ABE1F9A06FA0065F959 /* convert.png */ = {isa = PBXFileReference; lastKnownFileType = image.png; path = convert.png; sourceTree = "<group>"; };
/* End PBXFileReference section */

/* Begin PBXFrameworksBuildPhase section */
		18E01A601F9826090065F959 /* Frameworks */ = {
			isa = PBXFrameworksBuildPhase;
			buildActionMask = 2147483647;
			files = (
			);
			runOnlyForDeploymentPostprocessing = 0;
		};
/* End PBXFrameworksBuildPhase section */

/* Begin PBXGroup section */
		18E01A5A1F9826090065F959 = {
			isa = PBXGroup;
			children = (
				18E01A651F9826090065F959 /* OBJCSample */,
				18E01A641F9826090065F959 /* Products */,
			);
			sourceTree = "<group>";
		};
		18E01A641F9826090065F959 /* Products */ = {
			isa = PBXGroup;
			children = (
				18E01A631F9826090065F959 /* OBJCSample.app */,
			);
			name = Products;
			sourceTree = "<group>";
		};
		18E01A651F9826090065F959 /* OBJCSample */ = {
			isa = PBXGroup;
			children = (
				18E01ABC1F9A06FA0065F959 /* images */,
				18E01AB51F99E5CA0065F959 /* viewControllers */,
				18E01A8C1F9826350065F959 /* classes */,
				18E01A661F9826090065F959 /* AppDelegate.h */,
				18E01A671F9826090065F959 /* AppDelegate.m */,
				18E01A691F9826090065F959 /* ViewController.h */,
				18E01A6A1F9826090065F959 /* ViewController.m */,
				18E01A6C1F9826090065F959 /* Main.storyboard */,
				18E01A6F1F9826090065F959 /* Assets.xcassets */,
				18E01A711F9826090065F959 /* LaunchScreen.storyboard */,
				18E01A741F9826090065F959 /* Info.plist */,
				18E01A751F9826090065F959 /* main.m */,
			);
			path = OBJCSample;
			sourceTree = "<group>";
		};
		18E01A8C1F9826350065F959 /* classes */ = {
			isa = PBXGroup;
			children = (
				18E01A8D1F9826350065F959 /* AZCalendar.h */,
				18E01A8E1F9826350065F959 /* AZCalendar.m */,
				18E01A8F1F9826350065F959 /* AZConvertorCalendar.h */,
				18E01A901F9826350065F959 /* AZConvertorCalendar.m */,
				18E01A911F9826350065F959 /* AZGregorianCalendar.h */,
				18E01A921F9826350065F959 /* AZGregorianCalendar.m */,
				18E01A931F9826350065F959 /* AZHijriCalendar.h */,
				18E01A941F9826350065F959 /* AZHijriCalendar.m */,
				18E01A951F9826350065F959 /* AZMonthName.h */,
				18E01A961F9826350065F959 /* AZMonthName.m */,
				18E01A971F9826350065F959 /* AZPersianCalendar.h */,
				18E01A981F9826350065F959 /* AZPersianCalendar.m */,
				18E01A991F9826350065F959 /* Type */,
			);
			path = classes;
			sourceTree = "<group>";
		};
		18E01A991F9826350065F959 /* Type */ = {
			isa = PBXGroup;
			children = (
				18E01AAA1F99B7FE0065F959 /* PersianMonthList.plist */,
				18E01AAC1F99B8110065F959 /* HijriMonthList.plist */,
				18E01AAE1F99B82E0065F959 /* gregorianMonthList.plist */,
				18E01A9A1F9826350065F959 /* DateType.h */,
				18E01A9B1F9826350065F959 /* DateType.m */,
			);
			path = Type;
			sourceTree = "<group>";
		};
		18E01AB51F99E5CA0065F959 /* viewControllers */ = {
			isa = PBXGroup;
			children = (
				18E01AB61F99E5CA0065F959 /* ConvertorViewController.h */,
				18E01AB71F99E5CA0065F959 /* ConvertorViewController.m */,
				18E01AB81F99E5CA0065F959 /* TodayViewController.h */,
				18E01AB91F99E5CA0065F959 /* TodayViewController.m */,
			);
			path = viewControllers;
			sourceTree = "<group>";
		};
		18E01ABC1F9A06FA0065F959 /* images */ = {
			isa = PBXGroup;
			children = (
				18E01ABD1F9A06FA0065F959 /* calendar.png */,
				18E01ABE1F9A06FA0065F959 /* convert.png */,
			);
			path = images;
			sourceTree = "<group>";
		};
/* End PBXGroup section */

/* Begin PBXNativeTarget section */
		18E01A621F9826090065F959 /* OBJCSample */ = {
			isa = PBXNativeTarget;
			buildConfigurationList = 18E01A791F9826090065F959 /* Build configuration list for PBXNativeTarget "OBJCSample" */;
			buildPhases = (
				18E01A5F1F9826090065F959 /* Sources */,
				18E01A601F9826090065F959 /* Frameworks */,
				18E01A611F9826090065F959 /* Resources */,
			);
			buildRules = (
			);
			dependencies = (
			);
			name = OBJCSample;
			productName = OBJCSample;
			productReference = 18E01A631F9826090065F959 /* OBJCSample.app */;
			productType = "com.apple.product-type.application";
		};
/* End PBXNativeTarget section */

/* Begin PBXProject section */
		18E01A5B1F9826090065F959 /* Project object */ = {
			isa = PBXProject;
			attributes = {
				LastUpgradeCheck = 1500;
				ORGANIZATIONNAME = "Ali Azadeh";
				TargetAttributes = {
					18E01A621F9826090065F959 = {
						CreatedOnToolsVersion = 9.0;
						ProvisioningStyle = Automatic;
					};
				};
			};
			buildConfigurationList = 18E01A5E1F9826090065F959 /* Build configuration list for PBXProject "OBJCSample" */;
			compatibilityVersion = "Xcode 14.0";
			developmentRegion = en;
			hasScannedForEncodings = 0;
			knownRegions = (
				en,
				Base,
			);
			mainGroup = 18E01A5A1F9826090065F959;
			productRefGroup = 18E01A641F9826090065F959 /* Products */;
			projectDirPath = "";
			projectRoot = "";
			targets = (
				18E01A621F9826090065F959 /* OBJCSample */,
			);
		};
/* End PBXProject section */

/* Begin PBXResourcesBuildPhase section */
		18E01A611F9826090065F959 /* Resources */ = {
			isa = PBXResourcesBuildPhase;
			buildActionMask = 2147483647;
			files = (
				18E01ABF1F9A07BB0065F959 /* calendar.png in Resources */,
				18E01AAB1F99B7FE0065F959 /* PersianMonthList.plist in Resources */,
				18E01A731F9826090065F959 /* LaunchScreen.storyboard in Resources */,
				18E01A701F9826090065F959 /* Assets.xcassets in Resources */,
				18E01AAD1F99B8110065F959 /* HijriMonthList.plist in Resources */,
				18E01AAF1F99B82E0065F959 /* gregorianMonthList.plist in Resources */,
				18E01A6E1F9826090065F959 /* Main.storyboard in Resources */,
				18E01AC01F9A07BD0065F959 /* convert.png in Resources */,
			);
			runOnlyForDeploymentPostprocessing = 0;
		};
/* End PBXResourcesBuildPhase section */

/* Begin PBXSourcesBuildPhase section */
		18E01A5F1F9826090065F959 /* Sources */ = {
			isa = PBXSourcesBuildPhase;
			buildActionMask = 2147483647;
			files = (
				18E01ABB1F9A06AD0065F959 /* TodayViewController.m in Sources */,
				18E01A6B1F9826090065F959 /* ViewController.m in Sources */,
				18E01AA01F98FC2D0065F959 /* DateType.m in Sources */,
				18E01AA51F98FC3B0065F959 /* AZConvertorCalendar.m in Sources */,
				18E01AA21F98FC320065F959 /* AZMonthName.m in Sources */,
				18E01AA41F98FC380065F959 /* AZGregorianCalendar.m in Sources */,
				18E01ABA1F9A06AA0065F959 /* ConvertorViewController.m in Sources */,
				18E01AA31F98FC360065F959 /* AZHijriCalendar.m in Sources */,
				18E01AA61F98FC3E0065F959 /* AZCalendar.m in Sources */,
				18E01A761F9826090065F959 /* main.m in Sources */,
				18E01AA11F98FC300065F959 /* AZPersianCalendar.m in Sources */,
				18E01A681F9826090065F959 /* AppDelegate.m in Sources */,
			);
			runOnlyForDeploymentPostprocessing = 0;
		};
/* End PBXSourcesBuildPhase section */

/* Begin PBXVariantGroup section */
		18E01A6C1F9826090065F959 /* Main.storyboard */ = {
			isa = PBXVariantGroup;
			children = (
				18E01A6D1F9826090065F959 /* Base */,
			);
			name = Main.storyboard;
			sourceTree = "<group>";
		};
		18E01A711F9826090065F959 /* LaunchScreen.storyboard */ = {
			isa = PBXVariantGroup;
			children = (
				18E01A721F9826090065F959 /* Base */,
			);
			name = LaunchScreen.storyboard;
			sourceTree = "<group>";
		};
/* End PBXVariantGroup section */

/* Begin XCBuildConfiguration section */
		18E01A771F9826090065F959 /* Debug */ = {
			isa = XCBuildConfiguration;
			buildSettings = {
				ALWAYS_SEARCH_USER_PATHS = NO;
				CLANG_ANALYZER_NONNULL = YES;
				CLANG_ANALYZER_NUMBER_OBJECT_CONVERSION = YES_AGGRESSIVE;
				CLANG_CXX_LANGUAGE_STANDARD = "gnu++14";
				CLANG_CXX_LIBRARY = "libc++";
				CLANG_ENABLE_MODULES = YES;
				CLANG_ENABLE_OBJC_ARC = YES;
				CLANG_WARN_BLOCK_CAPTURE_AUTORELEASING = YES;
				CLANG_WARN_BOOL_CONVERSION = YES;
				CLANG_WARN_COMMA = YES;
				CLANG_WARN_CONSTANT_CONVERSION = YES;
				CLANG_WARN_DIRECT_OBJC_ISA_USAGE = YES_ERROR;
				CLANG_WARN_DOCUMENTATION_COMMENTS = YES;
				CLANG_WARN_EMPTY_BODY = YES;
				CLANG_WARN_ENUM_CONVERSION = YES;
				CLANG_WARN_INFINITE_RECURSION = YES;
				CLANG_WARN_INT_CONVERSION = YES;
				CLANG_WARN_NON_LITERAL_NULL_CONVERSION = YES;
				CLANG_WARN_OBJC_LITERAL_CONVERSION = YES;
				CLANG_WARN_OBJC_ROOT_CLASS = YES_ERROR;
				CLANG_WARN_RANGE_LOOP_ANALYSIS = YES;
				CLANG_WARN_STRICT_PROTOTYPES = YES;
				CLANG_WARN_SUSPICIOUS_MOVE = YES;
				CLANG_WARN_UNGUARDED_AVAILABILITY = YES_AGGRESSIVE;
				CLANG_WARN_UNREACHABLE_CODE = YES;
				CLANG_WARN__DUPLICATE_METHOD_MATCH = YES;
				CODE_SIGN_IDENTITY = "iPhone Developer";
				COPY_PHASE_STRIP = NO;
				DEBUG_INFORMATION_FORMAT = dwarf;
				ENABLE_STRICT_OBJC_MSGSEND = YES;
				ENABLE_TESTABILITY = YES;
				GCC_C_LANGUAGE_STANDARD = gnu11;
				GCC_DYNAMIC_NO_PIC = NO;
				GCC_NO_COMMON_BLOCKS = YES;
				GCC_OPTIMIZATION_LEVEL = 0;
				GCC_PREPROCESSOR_DEFINITIONS = (
					"DEBUG=1",
					"$(inherited)",
				);
				GCC_WARN_64_TO_32_BIT_CONVERSION = YES;
				GCC_WARN_ABOUT_RETURN_TYPE = YES_ERROR;
				GCC_WARN_UNDECLARED_SELECTOR = YES;
				GCC_WARN_UNINITIALIZED_AUTOS = YES_AGGRESSIVE;
				GCC_WARN_UNUSED_FUNCTION = YES;
				GCC_WARN_UNUSED_VARIABLE = YES;
				IPHONEOS_DEPLOYMENT_TARGET = 13.0;
				MTL_ENABLE_DEBUG_INFO = YES;
				ONLY_ACTIVE_ARCH = YES;
				SDKROOT = iphoneos;
			};
			name = Debug;
		};
		18E01A781F9826090065F959 /* Release */ = {
			isa = XCBuildConfiguration;
			buildSettings = {
				ALWAYS_SEARCH_USER_PATHS = NO;
				CLANG_ANALYZER_NONNULL = YES;
				CLANG_ANALYZER_NUMBER_OBJECT_CONVERSION = YES_AGGRESSIVE;
				CLANG_CXX_LANGUAGE_STANDARD = "gnu++14";
				CLANG_CXX_LIBRARY = "libc++";
				CLANG_ENABLE_MODULES = YES;
				CLANG_ENABLE_OBJC_ARC = YES;
				CLANG_WARN_BLOCK_CAPTURE_AUTORELEASING = YES;
				CLANG_WARN_BOOL_CONVERSION = YES;
				CLANG_WARN_COMMA = YES;
				CLANG_WARN_CONSTANT_CONVERSION = YES;
				CLANG_WARN_DIRECT_OBJC_ISA_USAGE = YES_ERROR;
				CLANG_WARN_DOCUMENTATION_COMMENTS = YES;
				CLANG_WARN_EMPTY_BODY = YES;
				CLANG_WARN_ENUM_CONVERSION = YES;
				CLANG_WARN_INFINITE_RECURSION = YES;
				CLANG_WARN_INT_CONVERSION = YES;
				CLANG_WARN_NON_LITERAL_NULL_CONVERSION = YES;
				CLANG_WARN_OBJC_LITERAL_CONVERSION = YES;
				CLANG_WARN_OBJC_ROOT_CLASS = YES_ERROR;
				CLANG_WARN_RANGE_LOOP_ANALYSIS = YES;
				CLANG_WARN_STRICT_PROTOTYPES = YES;
				CLANG_WARN_SUSPICIOUS_MOVE = YES;
				CLANG_WARN_UNGUARDED_AVAILABILITY = YES_AGGRESSIVE;
				CLANG_WARN_UNREACHABLE_CODE = YES;
				CLANG_WARN__DUPLICATE_METHOD_MATCH = YES;
				CODE_SIGN_IDENTITY = "iPhone Developer";
				COPY_PHASE_STRIP = NO;
				DEBUG_INFORMATION_FORMAT = "dwarf-with-dsym";
				ENABLE_NS_ASSERTIONS = NO;
				ENABLE_STRICT_OBJC_MSGSEND = YES;
				GCC_C_LANGUAGE_STANDARD = gnu11;
				GCC_NO_COMMON_BLOCKS = YES;
				GCC_WARN_64_TO_32_BIT_CONVERSION = YES;
				GCC_WARN_ABOUT_RETURN_TYPE = YES_ERROR;
				GCC_WARN_UNDECLARED_SELECTOR = YES;
				GCC_WARN_UNINITIALIZED_AUTOS = YES_AGGRESSIVE;
				GCC_WARN_UNUSED_FUNCTION = YES;
				GCC_WARN_UNUSED_VARIABLE = YES;
				IPHONEOS_DEPLOYMENT_TARGET = 13.0;
				MTL_ENABLE_DEBUG_INFO = NO;
				SDKROOT = iphoneos;
				VALIDATE_PRODUCT = YES;
			};
			name = Release;
		};
		18E01A7A1F9826090065F959 /* Debug */ = {
			isa = XCBuildConfiguration;
			buildSettings = {
				ASSETCATALOG_COMPILER_APPICON_NAME = AppIcon;
				CODE_SIGN_STYLE = Automatic;
				INFOPLIST_FILE = OBJCSample/Info.plist;
				LD_RUNPATH_SEARCH_PATHS = "$(inherited) @executable_path/Frameworks";
				PRODUCT_BUNDLE_IDENTIFIER = me.aliazadeh.OBJCSample;
				PRODUCT_NAME = "$(TARGET_NAME)";
				TARGETED_DEVICE_FAMILY = "1,2";
			};
			name = Debug;
		};
		18E01A7B1F9826090065F959 /* Release */ = {
			isa = XCBuildConfiguration;
			buildSettings = {
				ASSETCATALOG_COMPILER_APPICON_NAME = AppIcon;
				CODE_SIGN_STYLE = Automatic;
				INFOPLIST_FILE = OBJCSample/Info.plist;
				LD_RUNPATH_SEARCH_PATHS = "$(inherited) @executable_path/Frameworks";
				PRODUCT_BUNDLE_IDENTIFIER = me.aliazadeh.OBJCSample;
				PRODUCT_NAME = "$(TARGET_NAME)";
				TARGETED_DEVICE_FAMILY = "1,2";
			};
			name = Release;
		};
/* End XCBuildConfiguration section */

/* Begin XCConfigurationList section */
		18E01A5E1F9826090065F959 /* Build configuration list for PBXProject "OBJCSample" */ = {
			isa = XCConfigurationList;
			buildConfigurations = (
				18E01A771F9826090065F959 /* Debug */,
				18E01A781F9826090065F959 /* Release */,
			);
			defaultConfigurationIsVisible = 0;
			defaultConfigurationName = Release;
		};
		18E01A791F9826090065F959 /* Build configuration list for PBXNativeTarget "OBJCSample" */ = {
			isa = XCConfigurationList;
			buildConfigurations = (
				18E01A7A1F9826090065F959 /* Debug */,
				18E01A7B1F9826090065F959 /* Release */,
			);
			defaultConfigurationIsVisible = 0;
			defaultConfigurationName = Release;
		};
/* End XCConfigurationList section */
	};
	rootObject = 18E01A5B1F9826090065F959 /* Project object */;
}
