// !$*UTF8*$!
{
	archiveVersion = 1;
	classes = {
	};
	objectVersion = 46;
	objects = {

/* Begin PBXBuildFile section */
		18EF35AF1DC04BF900CFC743 /* AppDelegate.swift in Sources */ = {isa = PBXBuildFile; fileRef = 18EF35AE1DC04BF900CFC743 /* AppDelegate.swift */; };
		18EF35B41DC04BF900CFC743 /* Main.storyboard in Resources */ = {isa = PBXBuildFile; fileRef = 18EF35B21DC04BF900CFC743 /* Main.storyboard */; };
		18EF35B61DC04BF900CFC743 /* Assets.xcassets in Resources */ = {isa = PBXBuildFile; fileRef = 18EF35B51DC04BF900CFC743 /* Assets.xcassets */; };
		18EF35B91DC04BF900CFC743 /* LaunchScreen.storyboard in Resources */ = {isa = PBXBuildFile; fileRef = 18EF35B71DC04BF900CFC743 /* LaunchScreen.storyboard */; };
		18EF35C31DC04C1A00CFC743 /* calendar.png in Resources */ = {isa = PBXBuildFile; fileRef = 18EF35C11DC04C1A00CFC743 /* calendar.png */; };
		18EF35C41DC04C1A00CFC743 /* convert.png in Resources */ = {isa = PBXBuildFile; fileRef = 18EF35C21DC04C1A00CFC743 /* convert.png */; };
		18EF35CA1DC04C2D00CFC743 /* AZPersianCalendar.m in Sources */ = {isa = PBXBuildFile; fileRef = 18EF35C71DC04C2D00CFC743 /* AZPersianCalendar.m */; };
		18EF35CB1DC04C2D00CFC743 /* CalendarType.m in Sources */ = {isa = PBXBuildFile; fileRef = 18EF35C91DC04C2D00CFC743 /* CalendarType.m */; };
		18EF35CE1DC04CA800CFC743 /* TodayViewController.swift in Sources */ = {isa = PBXBuildFile; fileRef = 18EF35CD1DC04CA800CFC743 /* TodayViewController.swift */; };
		18EF35D01DC04CBD00CFC743 /* ConvertorViewController.swift in Sources */ = {isa = PBXBuildFile; fileRef = 18EF35CF1DC04CBD00CFC743 /* ConvertorViewController.swift */; };
/* End PBXBuildFile section */

/* Begin PBXFileReference section */
		18EF35AB1DC04BF900CFC743 /* swiftSample.app */ = {isa = PBXFileReference; explicitFileType = wrapper.application; includeInIndex = 0; path = swiftSample.app; sourceTree = BUILT_PRODUCTS_DIR; };
		18EF35AE1DC04BF900CFC743 /* AppDelegate.swift */ = {isa = PBXFileReference; lastKnownFileType = sourcecode.swift; path = AppDelegate.swift; sourceTree = "<group>"; };
		18EF35B31DC04BF900CFC743 /* Base */ = {isa = PBXFileReference; lastKnownFileType = file.storyboard; name = Base; path = Base.lproj/Main.storyboard; sourceTree = "<group>"; };
		18EF35B51DC04BF900CFC743 /* Assets.xcassets */ = {isa = PBXFileReference; lastKnownFileType = folder.assetcatalog; path = Assets.xcassets; sourceTree = "<group>"; };
		18EF35B81DC04BF900CFC743 /* Base */ = {isa = PBXFileReference; lastKnownFileType = file.storyboard; name = Base; path = Base.lproj/LaunchScreen.storyboard; sourceTree = "<group>"; };
		18EF35BA1DC04BF900CFC743 /* Info.plist */ = {isa = PBXFileReference; lastKnownFileType = text.plist.xml; path = Info.plist; sourceTree = "<group>"; };
		18EF35C11DC04C1A00CFC743 /* calendar.png */ = {isa = PBXFileReference; lastKnownFileType = image.png; path = calendar.png; sourceTree = "<group>"; };
		18EF35C21DC04C1A00CFC743 /* convert.png */ = {isa = PBXFileReference; lastKnownFileType = image.png; path = convert.png; sourceTree = "<group>"; };
		18EF35C61DC04C2D00CFC743 /* AZPersianCalendar.h */ = {isa = PBXFileReference; fileEncoding = 4; lastKnownFileType = sourcecode.c.h; path = AZPersianCalendar.h; sourceTree = "<group>"; };
		18EF35C71DC04C2D00CFC743 /* AZPersianCalendar.m */ = {isa = PBXFileReference; fileEncoding = 4; lastKnownFileType = sourcecode.c.objc; path = AZPersianCalendar.m; sourceTree = "<group>"; };
		18EF35C81DC04C2D00CFC743 /* CalendarType.h */ = {isa = PBXFileReference; fileEncoding = 4; lastKnownFileType = sourcecode.c.h; path = CalendarType.h; sourceTree = "<group>"; };
		18EF35C91DC04C2D00CFC743 /* CalendarType.m */ = {isa = PBXFileReference; fileEncoding = 4; lastKnownFileType = sourcecode.c.objc; path = CalendarType.m; sourceTree = "<group>"; };
		18EF35CD1DC04CA800CFC743 /* TodayViewController.swift */ = {isa = PBXFileReference; fileEncoding = 4; lastKnownFileType = sourcecode.swift; path = TodayViewController.swift; sourceTree = "<group>"; };
		18EF35CF1DC04CBD00CFC743 /* ConvertorViewController.swift */ = {isa = PBXFileReference; fileEncoding = 4; lastKnownFileType = sourcecode.swift; path = ConvertorViewController.swift; sourceTree = "<group>"; };
		18EF35D11DC04D5F00CFC743 /* bridge.h */ = {isa = PBXFileReference; fileEncoding = 4; lastKnownFileType = sourcecode.c.h; path = bridge.h; sourceTree = "<group>"; };
/* End PBXFileReference section */

/* Begin PBXFrameworksBuildPhase section */
		18EF35A81DC04BF900CFC743 /* Frameworks */ = {
			isa = PBXFrameworksBuildPhase;
			buildActionMask = 2147483647;
			files = (
			);
			runOnlyForDeploymentPostprocessing = 0;
		};
/* End PBXFrameworksBuildPhase section */

/* Begin PBXGroup section */
		18EF35A21DC04BF900CFC743 = {
			isa = PBXGroup;
			children = (
				18EF35AD1DC04BF900CFC743 /* swiftSample */,
				18EF35AC1DC04BF900CFC743 /* Products */,
			);
			sourceTree = "<group>";
		};
		18EF35AC1DC04BF900CFC743 /* Products */ = {
			isa = PBXGroup;
			children = (
				18EF35AB1DC04BF900CFC743 /* swiftSample.app */,
			);
			name = Products;
			sourceTree = "<group>";
		};
		18EF35AD1DC04BF900CFC743 /* swiftSample */ = {
			isa = PBXGroup;
			children = (
				18EF35C01DC04C1A00CFC743 /* images */,
				18EF35C51DC04C2D00CFC743 /* models */,
				18EF35CC1DC04C7F00CFC743 /* viewControllers */,
				18EF35AE1DC04BF900CFC743 /* AppDelegate.swift */,
				18EF35D11DC04D5F00CFC743 /* bridge.h */,
				18EF35B21DC04BF900CFC743 /* Main.storyboard */,
				18EF35B51DC04BF900CFC743 /* Assets.xcassets */,
				18EF35B71DC04BF900CFC743 /* LaunchScreen.storyboard */,
				18EF35BA1DC04BF900CFC743 /* Info.plist */,
			);
			path = swiftSample;
			sourceTree = "<group>";
		};
		18EF35C01DC04C1A00CFC743 /* images */ = {
			isa = PBXGroup;
			children = (
				18EF35C11DC04C1A00CFC743 /* calendar.png */,
				18EF35C21DC04C1A00CFC743 /* convert.png */,
			);
			path = images;
			sourceTree = "<group>";
		};
		18EF35C51DC04C2D00CFC743 /* models */ = {
			isa = PBXGroup;
			children = (
				18EF35C61DC04C2D00CFC743 /* AZPersianCalendar.h */,
				18EF35C71DC04C2D00CFC743 /* AZPersianCalendar.m */,
				18EF35C81DC04C2D00CFC743 /* CalendarType.h */,
				18EF35C91DC04C2D00CFC743 /* CalendarType.m */,
			);
			path = models;
			sourceTree = "<group>";
		};
		18EF35CC1DC04C7F00CFC743 /* viewControllers */ = {
			isa = PBXGroup;
			children = (
				18EF35CD1DC04CA800CFC743 /* TodayViewController.swift */,
				18EF35CF1DC04CBD00CFC743 /* ConvertorViewController.swift */,
			);
			path = viewControllers;
			sourceTree = "<group>";
		};
/* End PBXGroup section */

/* Begin PBXNativeTarget section */
		18EF35AA1DC04BF900CFC743 /* swiftSample */ = {
			isa = PBXNativeTarget;
			buildConfigurationList = 18EF35BD1DC04BF900CFC743 /* Build configuration list for PBXNativeTarget "swiftSample" */;
			buildPhases = (
				18EF35A71DC04BF900CFC743 /* Sources */,
				18EF35A81DC04BF900CFC743 /* Frameworks */,
				18EF35A91DC04BF900CFC743 /* Resources */,
			);
			buildRules = (
			);
			dependencies = (
			);
			name = swiftSample;
			productName = swiftSample;
			productReference = 18EF35AB1DC04BF900CFC743 /* swiftSample.app */;
			productType = "com.apple.product-type.application";
		};
/* End PBXNativeTarget section */

/* Begin PBXProject section */
		18EF35A31DC04BF900CFC743 /* Project object */ = {
			isa = PBXProject;
			attributes = {
				LastSwiftUpdateCheck = 0800;
				LastUpgradeCheck = 0800;
				ORGANIZATIONNAME = "Ali Azadeh";
				TargetAttributes = {
					18EF35AA1DC04BF900CFC743 = {
						CreatedOnToolsVersion = 8.0;
						DevelopmentTeam = 6X873P83TV;
						ProvisioningStyle = Automatic;
					};
				};
			};
			buildConfigurationList = 18EF35A61DC04BF900CFC743 /* Build configuration list for PBXProject "swiftSample" */;
			compatibilityVersion = "Xcode 3.2";
			developmentRegion = English;
			hasScannedForEncodings = 0;
			knownRegions = (
				en,
				Base,
			);
			mainGroup = 18EF35A21DC04BF900CFC743;
			productRefGroup = 18EF35AC1DC04BF900CFC743 /* Products */;
			projectDirPath = "";
			projectRoot = "";
			targets = (
				18EF35AA1DC04BF900CFC743 /* swiftSample */,
			);
		};
/* End PBXProject section */

/* Begin PBXResourcesBuildPhase section */
		18EF35A91DC04BF900CFC743 /* Resources */ = {
			isa = PBXResourcesBuildPhase;
			buildActionMask = 2147483647;
			files = (
				18EF35C41DC04C1A00CFC743 /* convert.png in Resources */,
				18EF35B91DC04BF900CFC743 /* LaunchScreen.storyboard in Resources */,
				18EF35C31DC04C1A00CFC743 /* calendar.png in Resources */,
				18EF35B61DC04BF900CFC743 /* Assets.xcassets in Resources */,
				18EF35B41DC04BF900CFC743 /* Main.storyboard in Resources */,
			);
			runOnlyForDeploymentPostprocessing = 0;
		};
/* End PBXResourcesBuildPhase section */

/* Begin PBXSourcesBuildPhase section */
		18EF35A71DC04BF900CFC743 /* Sources */ = {
			isa = PBXSourcesBuildPhase;
			buildActionMask = 2147483647;
			files = (
				18EF35D01DC04CBD00CFC743 /* ConvertorViewController.swift in Sources */,
				18EF35CE1DC04CA800CFC743 /* TodayViewController.swift in Sources */,
				18EF35CB1DC04C2D00CFC743 /* CalendarType.m in Sources */,
				18EF35CA1DC04C2D00CFC743 /* AZPersianCalendar.m in Sources */,
				18EF35AF1DC04BF900CFC743 /* AppDelegate.swift in Sources */,
			);
			runOnlyForDeploymentPostprocessing = 0;
		};
/* End PBXSourcesBuildPhase section */

/* Begin PBXVariantGroup section */
		18EF35B21DC04BF900CFC743 /* Main.storyboard */ = {
			isa = PBXVariantGroup;
			children = (
				18EF35B31DC04BF900CFC743 /* Base */,
			);
			name = Main.storyboard;
			sourceTree = "<group>";
		};
		18EF35B71DC04BF900CFC743 /* LaunchScreen.storyboard */ = {
			isa = PBXVariantGroup;
			children = (
				18EF35B81DC04BF900CFC743 /* Base */,
			);
			name = LaunchScreen.storyboard;
			sourceTree = "<group>";
		};
/* End PBXVariantGroup section */

/* Begin XCBuildConfiguration section */
		18EF35BB1DC04BF900CFC743 /* Debug */ = {
			isa = XCBuildConfiguration;
			buildSettings = {
				ALWAYS_SEARCH_USER_PATHS = NO;
				CLANG_ANALYZER_NONNULL = YES;
				CLANG_CXX_LANGUAGE_STANDARD = "gnu++0x";
				CLANG_CXX_LIBRARY = "libc++";
				CLANG_ENABLE_MODULES = YES;
				CLANG_ENABLE_OBJC_ARC = YES;
				CLANG_WARN_BOOL_CONVERSION = YES;
				CLANG_WARN_CONSTANT_CONVERSION = YES;
				CLANG_WARN_DIRECT_OBJC_ISA_USAGE = YES_ERROR;
				CLANG_WARN_DOCUMENTATION_COMMENTS = YES;
				CLANG_WARN_EMPTY_BODY = YES;
				CLANG_WARN_ENUM_CONVERSION = YES;
				CLANG_WARN_INFINITE_RECURSION = YES;
				CLANG_WARN_INT_CONVERSION = YES;
				CLANG_WARN_OBJC_ROOT_CLASS = YES_ERROR;
				CLANG_WARN_SUSPICIOUS_MOVES = YES;
				CLANG_WARN_UNREACHABLE_CODE = YES;
				CLANG_WARN__DUPLICATE_METHOD_MATCH = YES;
				"CODE_SIGN_IDENTITY[sdk=iphoneos*]" = "iPhone Developer";
				COPY_PHASE_STRIP = NO;
				DEBUG_INFORMATION_FORMAT = dwarf;
				ENABLE_STRICT_OBJC_MSGSEND = YES;
				ENABLE_TESTABILITY = YES;
				GCC_C_LANGUAGE_STANDARD = gnu99;
				GCC_DYNAMIC_NO_PIC = NO;
				GCC_NO_COMMON_BLOCKS = YES;
				GCC_OPTIMIZATION_LEVEL = 0;
				GCC_PREPROCESSOR_DEFINITIONS = (
					"DEBUG=1",
					"$(inherited)",
				);
				GCC_WARN_64_TO_32_BIT_CONVERSION = YES;
				GCC_WARN_ABOUT_RETURN_TYPE = YES_ERROR;
				GCC_WARN_UNDECLARED_SELECTOR = YES;
				GCC_WARN_UNINITIALIZED_AUTOS = YES_AGGRESSIVE;
				GCC_WARN_UNUSED_FUNCTION = YES;
				GCC_WARN_UNUSED_VARIABLE = YES;
				IPHONEOS_DEPLOYMENT_TARGET = 10.0;
				MTL_ENABLE_DEBUG_INFO = YES;
				ONLY_ACTIVE_ARCH = YES;
				SDKROOT = iphoneos;
				SWIFT_ACTIVE_COMPILATION_CONDITIONS = DEBUG;
				SWIFT_OPTIMIZATION_LEVEL = "-Onone";
				TARGETED_DEVICE_FAMILY = "1,2";
			};
			name = Debug;
		};
		18EF35BC1DC04BF900CFC743 /* Release */ = {
			isa = XCBuildConfiguration;
			buildSettings = {
				ALWAYS_SEARCH_USER_PATHS = NO;
				CLANG_ANALYZER_NONNULL = YES;
				CLANG_CXX_LANGUAGE_STANDARD = "gnu++0x";
				CLANG_CXX_LIBRARY = "libc++";
				CLANG_ENABLE_MODULES = YES;
				CLANG_ENABLE_OBJC_ARC = YES;
				CLANG_WARN_BOOL_CONVERSION = YES;
				CLANG_WARN_CONSTANT_CONVERSION = YES;
				CLANG_WARN_DIRECT_OBJC_ISA_USAGE = YES_ERROR;
				CLANG_WARN_DOCUMENTATION_COMMENTS = YES;
				CLANG_WARN_EMPTY_BODY = YES;
				CLANG_WARN_ENUM_CONVERSION = YES;
				CLANG_WARN_INFINITE_RECURSION = YES;
				CLANG_WARN_INT_CONVERSION = YES;
				CLANG_WARN_OBJC_ROOT_CLASS = YES_ERROR;
				CLANG_WARN_SUSPICIOUS_MOVES = YES;
				CLANG_WARN_UNREACHABLE_CODE = YES;
				CLANG_WARN__DUPLICATE_METHOD_MATCH = YES;
				"CODE_SIGN_IDENTITY[sdk=iphoneos*]" = "iPhone Developer";
				COPY_PHASE_STRIP = NO;
				DEBUG_INFORMATION_FORMAT = "dwarf-with-dsym";
				ENABLE_NS_ASSERTIONS = NO;
				ENABLE_STRICT_OBJC_MSGSEND = YES;
				GCC_C_LANGUAGE_STANDARD = gnu99;
				GCC_NO_COMMON_BLOCKS = YES;
				GCC_WARN_64_TO_32_BIT_CONVERSION = YES;
				GCC_WARN_ABOUT_RETURN_TYPE = YES_ERROR;
				GCC_WARN_UNDECLARED_SELECTOR = YES;
				GCC_WARN_UNINITIALIZED_AUTOS = YES_AGGRESSIVE;
				GCC_WARN_UNUSED_FUNCTION = YES;
				GCC_WARN_UNUSED_VARIABLE = YES;
				IPHONEOS_DEPLOYMENT_TARGET = 10.0;
				MTL_ENABLE_DEBUG_INFO = NO;
				SDKROOT = iphoneos;
				SWIFT_OPTIMIZATION_LEVEL = "-Owholemodule";
				TARGETED_DEVICE_FAMILY = "1,2";
				VALIDATE_PRODUCT = YES;
			};
			name = Release;
		};
		18EF35BE1DC04BF900CFC743 /* Debug */ = {
			isa = XCBuildConfiguration;
			buildSettings = {
				ASSETCATALOG_COMPILER_APPICON_NAME = AppIcon;
				DEVELOPMENT_TEAM = 6X873P83TV;
				INFOPLIST_FILE = swiftSample/Info.plist;
				LD_RUNPATH_SEARCH_PATHS = "$(inherited) @executable_path/Frameworks";
				PRODUCT_BUNDLE_IDENTIFIER = me.aliazadeh.swiftSample;
				PRODUCT_NAME = "$(TARGET_NAME)";
				SWIFT_OBJC_BRIDGING_HEADER = swiftSample/bridge.h;
				SWIFT_VERSION = 3.0;
			};
			name = Debug;
		};
		18EF35BF1DC04BF900CFC743 /* Release */ = {
			isa = XCBuildConfiguration;
			buildSettings = {
				ASSETCATALOG_COMPILER_APPICON_NAME = AppIcon;
				DEVELOPMENT_TEAM = 6X873P83TV;
				INFOPLIST_FILE = swiftSample/Info.plist;
				LD_RUNPATH_SEARCH_PATHS = "$(inherited) @executable_path/Frameworks";
				PRODUCT_BUNDLE_IDENTIFIER = me.aliazadeh.swiftSample;
				PRODUCT_NAME = "$(TARGET_NAME)";
				SWIFT_OBJC_BRIDGING_HEADER = swiftSample/bridge.h;
				SWIFT_VERSION = 3.0;
			};
			name = Release;
		};
/* End XCBuildConfiguration section */

/* Begin XCConfigurationList section */
		18EF35A61DC04BF900CFC743 /* Build configuration list for PBXProject "swiftSample" */ = {
			isa = XCConfigurationList;
			buildConfigurations = (
				18EF35BB1DC04BF900CFC743 /* Debug */,
				18EF35BC1DC04BF900CFC743 /* Release */,
			);
			defaultConfigurationIsVisible = 0;
			defaultConfigurationName = Release;
		};
		18EF35BD1DC04BF900CFC743 /* Build configuration list for PBXNativeTarget "swiftSample" */ = {
			isa = XCConfigurationList;
			buildConfigurations = (
				18EF35BE1DC04BF900CFC743 /* Debug */,
				18EF35BF1DC04BF900CFC743 /* Release */,
			);
			defaultConfigurationIsVisible = 0;
		};
/* End XCConfigurationList section */
	};
	rootObject = 18EF35A31DC04BF900CFC743 /* Project object */;
}
